// !$*UTF8*$!
{
	archiveVersion = 1;
	classes = {
	};
	objectVersion = 56;
	objects = {

/* Begin PBXBuildFile section */
		EF0A16FC2AD2CF910053F434 /* DiaryDetailView.swift in Sources */ = {isa = PBXBuildFile; fileRef = EF0A16FB2AD2CF910053F434 /* DiaryDetailView.swift */; };
		EF0A16FF2AD2D03B0053F434 /* DiaryModels.swift in Sources */ = {isa = PBXBuildFile; fileRef = EF0A16FE2AD2D03B0053F434 /* DiaryModels.swift */; };
		EF0A17022AD2E8DD0053F434 /* DiaryListView.swift in Sources */ = {isa = PBXBuildFile; fileRef = EF0A17012AD2E8DD0053F434 /* DiaryListView.swift */; };
		EF0A17082AD2E9470053F434 /* DiaryListCell.swift in Sources */ = {isa = PBXBuildFile; fileRef = EF0A17072AD2E9470053F434 /* DiaryListCell.swift */; };
		EF783C6F2ACD315500C166C6 /* MVIDemoApp.swift in Sources */ = {isa = PBXBuildFile; fileRef = EF783C6E2ACD315500C166C6 /* MVIDemoApp.swift */; };
		EF783C712ACD315500C166C6 /* ContentView.swift in Sources */ = {isa = PBXBuildFile; fileRef = EF783C702ACD315500C166C6 /* ContentView.swift */; };
		EF783C732ACD315600C166C6 /* Assets.xcassets in Resources */ = {isa = PBXBuildFile; fileRef = EF783C722ACD315600C166C6 /* Assets.xcassets */; };
		EF783C762ACD315600C166C6 /* Preview Assets.xcassets in Resources */ = {isa = PBXBuildFile; fileRef = EF783C752ACD315600C166C6 /* Preview Assets.xcassets */; };
/* End PBXBuildFile section */

/* Begin PBXFileReference section */
		EF0A16FB2AD2CF910053F434 /* DiaryDetailView.swift */ = {isa = PBXFileReference; lastKnownFileType = sourcecode.swift; path = DiaryDetailView.swift; sourceTree = "<group>"; };
		EF0A16FE2AD2D03B0053F434 /* DiaryModels.swift */ = {isa = PBXFileReference; lastKnownFileType = sourcecode.swift; path = DiaryModels.swift; sourceTree = "<group>"; };
		EF0A17012AD2E8DD0053F434 /* DiaryListView.swift */ = {isa = PBXFileReference; lastKnownFileType = sourcecode.swift; path = DiaryListView.swift; sourceTree = "<group>"; };
		EF0A17072AD2E9470053F434 /* DiaryListCell.swift */ = {isa = PBXFileReference; lastKnownFileType = sourcecode.swift; path = DiaryListCell.swift; sourceTree = "<group>"; };
		EF783C6B2ACD315500C166C6 /* MVIDemo.app */ = {isa = PBXFileReference; explicitFileType = wrapper.application; includeInIndex = 0; path = MVIDemo.app; sourceTree = BUILT_PRODUCTS_DIR; };
		EF783C6E2ACD315500C166C6 /* MVIDemoApp.swift */ = {isa = PBXFileReference; lastKnownFileType = sourcecode.swift; path = MVIDemoApp.swift; sourceTree = "<group>"; };
		EF783C702ACD315500C166C6 /* ContentView.swift */ = {isa = PBXFileReference; lastKnownFileType = sourcecode.swift; path = ContentView.swift; sourceTree = "<group>"; };
		EF783C722ACD315600C166C6 /* Assets.xcassets */ = {isa = PBXFileReference; lastKnownFileType = folder.assetcatalog; path = Assets.xcassets; sourceTree = "<group>"; };
		EF783C752ACD315600C166C6 /* Preview Assets.xcassets */ = {isa = PBXFileReference; lastKnownFileType = folder.assetcatalog; path = "Preview Assets.xcassets"; sourceTree = "<group>"; };
/* End PBXFileReference section */

/* Begin PBXFrameworksBuildPhase section */
		EF783C682ACD315500C166C6 /* Frameworks */ = {
			isa = PBXFrameworksBuildPhase;
			buildActionMask = 2147483647;
			files = (
			);
			runOnlyForDeploymentPostprocessing = 0;
		};
/* End PBXFrameworksBuildPhase section */

/* Begin PBXGroup section */
		EF0A17002AD2E2E60053F434 /* DiaryCRUD */ = {
			isa = PBXGroup;
			children = (
				EF0A17062AD2E9040053F434 /* Models */,
				EF0A17032AD2E8E80053F434 /* Views */,
			);
			path = DiaryCRUD;
			sourceTree = "<group>";
		};
		EF0A17032AD2E8E80053F434 /* Views */ = {
			isa = PBXGroup;
			children = (
				EF0A17012AD2E8DD0053F434 /* DiaryListView.swift */,
				EF0A17072AD2E9470053F434 /* DiaryListCell.swift */,
				EF0A16FB2AD2CF910053F434 /* DiaryDetailView.swift */,
			);
			path = Views;
			sourceTree = "<group>";
		};
		EF0A17062AD2E9040053F434 /* Models */ = {
			isa = PBXGroup;
			children = (
				EF0A16FE2AD2D03B0053F434 /* DiaryModels.swift */,
			);
			path = Models;
			sourceTree = "<group>";
		};
		EF783C622ACD315500C166C6 = {
			isa = PBXGroup;
			children = (
				EF783C6D2ACD315500C166C6 /* MVIDemo */,
				EF783C6C2ACD315500C166C6 /* Products */,
			);
			sourceTree = "<group>";
		};
		EF783C6C2ACD315500C166C6 /* Products */ = {
			isa = PBXGroup;
			children = (
				EF783C6B2ACD315500C166C6 /* MVIDemo.app */,
			);
			name = Products;
			sourceTree = "<group>";
		};
		EF783C6D2ACD315500C166C6 /* MVIDemo */ = {
			isa = PBXGroup;
			children = (
				EF783C6E2ACD315500C166C6 /* MVIDemoApp.swift */,
				EF783C702ACD315500C166C6 /* ContentView.swift */,
				EF0A17002AD2E2E60053F434 /* DiaryCRUD */,
				EF783C722ACD315600C166C6 /* Assets.xcassets */,
				EF783C742ACD315600C166C6 /* Preview Content */,
			);
			path = MVIDemo;
			sourceTree = "<group>";
		};
		EF783C742ACD315600C166C6 /* Preview Content */ = {
			isa = PBXGroup;
			children = (
				EF783C752ACD315600C166C6 /* Preview Assets.xcassets */,
			);
			path = "Preview Content";
			sourceTree = "<group>";
		};
/* End PBXGroup section */

/* Begin PBXNativeTarget section */
		EF783C6A2ACD315500C166C6 /* MVIDemo */ = {
			isa = PBXNativeTarget;
			buildConfigurationList = EF783C792ACD315600C166C6 /* Build configuration list for PBXNativeTarget "MVIDemo" */;
			buildPhases = (
				EF783C672ACD315500C166C6 /* Sources */,
				EF783C682ACD315500C166C6 /* Frameworks */,
				EF783C692ACD315500C166C6 /* Resources */,
			);
			buildRules = (
			);
			dependencies = (
			);
			name = MVIDemo;
			productName = MVIDemo;
			productReference = EF783C6B2ACD315500C166C6 /* MVIDemo.app */;
			productType = "com.apple.product-type.application";
		};
/* End PBXNativeTarget section */

/* Begin PBXProject section */
		EF783C632ACD315500C166C6 /* Project object */ = {
			isa = PBXProject;
			attributes = {
				BuildIndependentTargetsInParallel = 1;
				LastSwiftUpdateCheck = 1430;
				LastUpgradeCheck = 1430;
				TargetAttributes = {
					EF783C6A2ACD315500C166C6 = {
						CreatedOnToolsVersion = 14.3;
					};
				};
			};
			buildConfigurationList = EF783C662ACD315500C166C6 /* Build configuration list for PBXProject "MVIDemo" */;
			compatibilityVersion = "Xcode 14.0";
			developmentRegion = en;
			hasScannedForEncodings = 0;
			knownRegions = (
				en,
				Base,
			);
			mainGroup = EF783C622ACD315500C166C6;
			productRefGroup = EF783C6C2ACD315500C166C6 /* Products */;
			projectDirPath = "";
			projectRoot = "";
			targets = (
				EF783C6A2ACD315500C166C6 /* MVIDemo */,
			);
		};
/* End PBXProject section */

/* Begin PBXResourcesBuildPhase section */
		EF783C692ACD315500C166C6 /* Resources */ = {
			isa = PBXResourcesBuildPhase;
			buildActionMask = 2147483647;
			files = (
				EF783C762ACD315600C166C6 /* Preview Assets.xcassets in Resources */,
				EF783C732ACD315600C166C6 /* Assets.xcassets in Resources */,
			);
			runOnlyForDeploymentPostprocessing = 0;
		};
/* End PBXResourcesBuildPhase section */

/* Begin PBXSourcesBuildPhase section */
		EF783C672ACD315500C166C6 /* Sources */ = {
			isa = PBXSourcesBuildPhase;
			buildActionMask = 2147483647;
			files = (
				EF783C712ACD315500C166C6 /* ContentView.swift in Sources */,
				EF0A16FF2AD2D03B0053F434 /* DiaryModels.swift in Sources */,
				EF783C6F2ACD315500C166C6 /* MVIDemoApp.swift in Sources */,
				EF0A17022AD2E8DD0053F434 /* DiaryListView.swift in Sources */,
				EF0A17082AD2E9470053F434 /* DiaryListCell.swift in Sources */,
				EF0A16FC2AD2CF910053F434 /* DiaryDetailView.swift in Sources */,
			);
			runOnlyForDeploymentPostprocessing = 0;
		};
/* End PBXSourcesBuildPhase section */

/* Begin XCBuildConfiguration section */
		EF783C772ACD315600C166C6 /* Debug */ = {
			isa = XCBuildConfiguration;
			buildSettings = {
				ALWAYS_SEARCH_USER_PATHS = NO;
				CLANG_ANALYZER_NONNULL = YES;
				CLANG_ANALYZER_NUMBER_OBJECT_CONVERSION = YES_AGGRESSIVE;
				CLANG_CXX_LANGUAGE_STANDARD = "gnu++20";
				CLANG_ENABLE_MODULES = YES;
				CLANG_ENABLE_OBJC_ARC = YES;
				CLANG_ENABLE_OBJC_WEAK = YES;
				CLANG_WARN_BLOCK_CAPTURE_AUTORELEASING = YES;
				CLANG_WARN_BOOL_CONVERSION = YES;
				CLANG_WARN_COMMA = YES;
				CLANG_WARN_CONSTANT_CONVERSION = YES;
				CLANG_WARN_DEPRECATED_OBJC_IMPLEMENTATIONS = YES;
				CLANG_WARN_DIRECT_OBJC_ISA_USAGE = YES_ERROR;
				CLANG_WARN_DOCUMENTATION_COMMENTS = YES;
				CLANG_WARN_EMPTY_BODY = YES;
				CLANG_WARN_ENUM_CONVERSION = YES;
				CLANG_WARN_INFINITE_RECURSION = YES;
				CLANG_WARN_INT_CONVERSION = YES;
				CLANG_WARN_NON_LITERAL_NULL_CONVERSION = YES;
				CLANG_WARN_OBJC_IMPLICIT_RETAIN_SELF = YES;
				CLANG_WARN_OBJC_LITERAL_CONVERSION = YES;
				CLANG_WARN_OBJC_ROOT_CLASS = YES_ERROR;
				CLANG_WARN_QUOTED_INCLUDE_IN_FRAMEWORK_HEADER = YES;
				CLANG_WARN_RANGE_LOOP_ANALYSIS = YES;
				CLANG_WARN_STRICT_PROTOTYPES = YES;
				CLANG_WARN_SUSPICIOUS_MOVE = YES;
				CLANG_WARN_UNGUARDED_AVAILABILITY = YES_AGGRESSIVE;
				CLANG_WARN_UNREACHABLE_CODE = YES;
				CLANG_WARN__DUPLICATE_METHOD_MATCH = YES;
				COPY_PHASE_STRIP = NO;
				DEBUG_INFORMATION_FORMAT = dwarf;
				ENABLE_STRICT_OBJC_MSGSEND = YES;
				ENABLE_TESTABILITY = YES;
				GCC_C_LANGUAGE_STANDARD = gnu11;
				GCC_DYNAMIC_NO_PIC = NO;
				GCC_NO_COMMON_BLOCKS = YES;
				GCC_OPTIMIZATION_LEVEL = 0;
				GCC_PREPROCESSOR_DEFINITIONS = (
					"DEBUG=1",
					"$(inherited)",
				);
				GCC_WARN_64_TO_32_BIT_CONVERSION = YES;
				GCC_WARN_ABOUT_RETURN_TYPE = YES_ERROR;
				GCC_WARN_UNDECLARED_SELECTOR = YES;
				GCC_WARN_UNINITIALIZED_AUTOS = YES_AGGRESSIVE;
				GCC_WARN_UNUSED_FUNCTION = YES;
				GCC_WARN_UNUSED_VARIABLE = YES;
				IPHONEOS_DEPLOYMENT_TARGET = 16.4;
				MTL_ENABLE_DEBUG_INFO = INCLUDE_SOURCE;
				MTL_FAST_MATH = YES;
				ONLY_ACTIVE_ARCH = YES;
				SDKROOT = iphoneos;
				SWIFT_ACTIVE_COMPILATION_CONDITIONS = DEBUG;
				SWIFT_OPTIMIZATION_LEVEL = "-Onone";
			};
			name = Debug;
		};
		EF783C782ACD315600C166C6 /* Release */ = {
			isa = XCBuildConfiguration;
			buildSettings = {
				ALWAYS_SEARCH_USER_PATHS = NO;
				CLANG_ANALYZER_NONNULL = YES;
				CLANG_ANALYZER_NUMBER_OBJECT_CONVERSION = YES_AGGRESSIVE;
				CLANG_CXX_LANGUAGE_STANDARD = "gnu++20";
				CLANG_ENABLE_MODULES = YES;
				CLANG_ENABLE_OBJC_ARC = YES;
				CLANG_ENABLE_OBJC_WEAK = YES;
				CLANG_WARN_BLOCK_CAPTURE_AUTORELEASING = YES;
				CLANG_WARN_BOOL_CONVERSION = YES;
				CLANG_WARN_COMMA = YES;
				CLANG_WARN_CONSTANT_CONVERSION = YES;
				CLANG_WARN_DEPRECATED_OBJC_IMPLEMENTATIONS = YES;
				CLANG_WARN_DIRECT_OBJC_ISA_USAGE = YES_ERROR;
				CLANG_WARN_DOCUMENTATION_COMMENTS = YES;
				CLANG_WARN_EMPTY_BODY = YES;
				CLANG_WARN_ENUM_CONVERSION = YES;
				CLANG_WARN_INFINITE_RECURSION = YES;
				CLANG_WARN_INT_CONVERSION = YES;
				CLANG_WARN_NON_LITERAL_NULL_CONVERSION = YES;
				CLANG_WARN_OBJC_IMPLICIT_RETAIN_SELF = YES;
				CLANG_WARN_OBJC_LITERAL_CONVERSION = YES;
				CLANG_WARN_OBJC_ROOT_CLASS = YES_ERROR;
				CLANG_WARN_QUOTED_INCLUDE_IN_FRAMEWORK_HEADER = YES;
				CLANG_WARN_RANGE_LOOP_ANALYSIS = YES;
				CLANG_WARN_STRICT_PROTOTYPES = YES;
				CLANG_WARN_SUSPICIOUS_MOVE = YES;
				CLANG_WARN_UNGUARDED_AVAILABILITY = YES_AGGRESSIVE;
				CLANG_WARN_UNREACHABLE_CODE = YES;
				CLANG_WARN__DUPLICATE_METHOD_MATCH = YES;
				COPY_PHASE_STRIP = NO;
				DEBUG_INFORMATION_FORMAT = "dwarf-with-dsym";
				ENABLE_NS_ASSERTIONS = NO;
				ENABLE_STRICT_OBJC_MSGSEND = YES;
				GCC_C_LANGUAGE_STANDARD = gnu11;
				GCC_NO_COMMON_BLOCKS = YES;
				GCC_WARN_64_TO_32_BIT_CONVERSION = YES;
				GCC_WARN_ABOUT_RETURN_TYPE = YES_ERROR;
				GCC_WARN_UNDECLARED_SELECTOR = YES;
				GCC_WARN_UNINITIALIZED_AUTOS = YES_AGGRESSIVE;
				GCC_WARN_UNUSED_FUNCTION = YES;
				GCC_WARN_UNUSED_VARIABLE = YES;
				IPHONEOS_DEPLOYMENT_TARGET = 16.4;
				MTL_ENABLE_DEBUG_INFO = NO;
				MTL_FAST_MATH = YES;
				SDKROOT = iphoneos;
				SWIFT_COMPILATION_MODE = wholemodule;
				SWIFT_OPTIMIZATION_LEVEL = "-O";
				VALIDATE_PRODUCT = YES;
			};
			name = Release;
		};
		EF783C7A2ACD315600C166C6 /* Debug */ = {
			isa = XCBuildConfiguration;
			buildSettings = {
				ASSETCATALOG_COMPILER_APPICON_NAME = AppIcon;
				ASSETCATALOG_COMPILER_GLOBAL_ACCENT_COLOR_NAME = AccentColor;
				CODE_SIGN_STYLE = Automatic;
				CURRENT_PROJECT_VERSION = 1;
				DEVELOPMENT_ASSET_PATHS = "\"MVIDemo/Preview Content\"";
				ENABLE_PREVIEWS = YES;
				GENERATE_INFOPLIST_FILE = YES;
				INFOPLIST_KEY_UIApplicationSceneManifest_Generation = YES;
				INFOPLIST_KEY_UIApplicationSupportsIndirectInputEvents = YES;
				INFOPLIST_KEY_UILaunchScreen_Generation = YES;
				INFOPLIST_KEY_UISupportedInterfaceOrientations_iPad = "UIInterfaceOrientationPortrait UIInterfaceOrientationPortraitUpsideDown UIInterfaceOrientationLandscapeLeft UIInterfaceOrientationLandscapeRight";
				INFOPLIST_KEY_UISupportedInterfaceOrientations_iPhone = "UIInterfaceOrientationPortrait UIInterfaceOrientationLandscapeLeft UIInterfaceOrientationLandscapeRight";
				LD_RUNPATH_SEARCH_PATHS = (
					"$(inherited)",
					"@executable_path/Frameworks",
				);
				MARKETING_VERSION = 1.0;
				PRODUCT_BUNDLE_IDENTIFIER = liannechoi.MVIDemo;
				PRODUCT_NAME = "$(TARGET_NAME)";
				SWIFT_EMIT_LOC_STRINGS = YES;
				SWIFT_VERSION = 5.0;
				TARGETED_DEVICE_FAMILY = "1,2";
			};
			name = Debug;
		};
		EF783C7B2ACD315600C166C6 /* Release */ = {
			isa = XCBuildConfiguration;
			buildSettings = {
				ASSETCATALOG_COMPILER_APPICON_NAME = AppIcon;
				ASSETCATALOG_COMPILER_GLOBAL_ACCENT_COLOR_NAME = AccentColor;
				CODE_SIGN_STYLE = Automatic;
				CURRENT_PROJECT_VERSION = 1;
				DEVELOPMENT_ASSET_PATHS = "\"MVIDemo/Preview Content\"";
				ENABLE_PREVIEWS = YES;
				GENERATE_INFOPLIST_FILE = YES;
				INFOPLIST_KEY_UIApplicationSceneManifest_Generation = YES;
				INFOPLIST_KEY_UIApplicationSupportsIndirectInputEvents = YES;
				INFOPLIST_KEY_UILaunchScreen_Generation = YES;
				INFOPLIST_KEY_UISupportedInterfaceOrientations_iPad = "UIInterfaceOrientationPortrait UIInterfaceOrientationPortraitUpsideDown UIInterfaceOrientationLandscapeLeft UIInterfaceOrientationLandscapeRight";
				INFOPLIST_KEY_UISupportedInterfaceOrientations_iPhone = "UIInterfaceOrientationPortrait UIInterfaceOrientationLandscapeLeft UIInterfaceOrientationLandscapeRight";
				LD_RUNPATH_SEARCH_PATHS = (
					"$(inherited)",
					"@executable_path/Frameworks",
				);
				MARKETING_VERSION = 1.0;
				PRODUCT_BUNDLE_IDENTIFIER = liannechoi.MVIDemo;
				PRODUCT_NAME = "$(TARGET_NAME)";
				SWIFT_EMIT_LOC_STRINGS = YES;
				SWIFT_VERSION = 5.0;
				TARGETED_DEVICE_FAMILY = "1,2";
			};
			name = Release;
		};
/* End XCBuildConfiguration section */

/* Begin XCConfigurationList section */
		EF783C662ACD315500C166C6 /* Build configuration list for PBXProject "MVIDemo" */ = {
			isa = XCConfigurationList;
			buildConfigurations = (
				EF783C772ACD315600C166C6 /* Debug */,
				EF783C782ACD315600C166C6 /* Release */,
			);
			defaultConfigurationIsVisible = 0;
			defaultConfigurationName = Release;
		};
		EF783C792ACD315600C166C6 /* Build configuration list for PBXNativeTarget "MVIDemo" */ = {
			isa = XCConfigurationList;
			buildConfigurations = (
				EF783C7A2ACD315600C166C6 /* Debug */,
				EF783C7B2ACD315600C166C6 /* Release */,
			);
			defaultConfigurationIsVisible = 0;
			defaultConfigurationName = Release;
		};
/* End XCConfigurationList section */
	};
	rootObject = EF783C632ACD315500C166C6 /* Project object */;
}
